// !$*UTF8*$!
{
	archiveVersion = 1;
	classes = {
	};
	objectVersion = 50;
	objects = {

/* Begin PBXBuildFile section */
		D002D54825B88C260079478A /* FreezerCell.swift in Sources */ = {isa = PBXBuildFile; fileRef = D002D54725B88C260079478A /* FreezerCell.swift */; };
		D002D54A25B8F1AF0079478A /* freezit.swift in Sources */ = {isa = PBXBuildFile; fileRef = D002D54925B8F1AF0079478A /* freezit.swift */; };
		D002D54C25B9FABE0079478A /* FreezerDetailsViewController.swift in Sources */ = {isa = PBXBuildFile; fileRef = D002D54B25B9FABE0079478A /* FreezerDetailsViewController.swift */; };
		D07A891E25DC1FFB00DF5965 /* ItemViewController.swift in Sources */ = {isa = PBXBuildFile; fileRef = D07A891D25DC1FFB00DF5965 /* ItemViewController.swift */; };
		D0854CCC25CB48C600510249 /* UnitsBrandsViewController.swift in Sources */ = {isa = PBXBuildFile; fileRef = D0854CCB25CB48C600510249 /* UnitsBrandsViewController.swift */; };
		D0D7A57E25C302F20033B6BD /* ItemListViewController.swift in Sources */ = {isa = PBXBuildFile; fileRef = D0D7A57D25C302F20033B6BD /* ItemListViewController.swift */; };
		D0F0231625B87B3400D7BBF6 /* AppDelegate.swift in Sources */ = {isa = PBXBuildFile; fileRef = D0F0231525B87B3400D7BBF6 /* AppDelegate.swift */; };
		D0F0231825B87B3400D7BBF6 /* SceneDelegate.swift in Sources */ = {isa = PBXBuildFile; fileRef = D0F0231725B87B3400D7BBF6 /* SceneDelegate.swift */; };
		D0F0231A25B87B3400D7BBF6 /* ViewController.swift in Sources */ = {isa = PBXBuildFile; fileRef = D0F0231925B87B3400D7BBF6 /* ViewController.swift */; };
		D0F0231D25B87B3400D7BBF6 /* Main.storyboard in Resources */ = {isa = PBXBuildFile; fileRef = D0F0231B25B87B3400D7BBF6 /* Main.storyboard */; };
		D0F0231F25B87B3700D7BBF6 /* Assets.xcassets in Resources */ = {isa = PBXBuildFile; fileRef = D0F0231E25B87B3700D7BBF6 /* Assets.xcassets */; };
		D0F0232225B87B3700D7BBF6 /* LaunchScreen.storyboard in Resources */ = {isa = PBXBuildFile; fileRef = D0F0232025B87B3700D7BBF6 /* LaunchScreen.storyboard */; };
/* End PBXBuildFile section */

/* Begin PBXFileReference section */
		D002D54725B88C260079478A /* FreezerCell.swift */ = {isa = PBXFileReference; lastKnownFileType = sourcecode.swift; path = FreezerCell.swift; sourceTree = "<group>"; };
		D002D54925B8F1AF0079478A /* freezit.swift */ = {isa = PBXFileReference; lastKnownFileType = sourcecode.swift; path = freezit.swift; sourceTree = "<group>"; };
		D002D54B25B9FABE0079478A /* FreezerDetailsViewController.swift */ = {isa = PBXFileReference; lastKnownFileType = sourcecode.swift; path = FreezerDetailsViewController.swift; sourceTree = "<group>"; };
		D07A891D25DC1FFB00DF5965 /* ItemViewController.swift */ = {isa = PBXFileReference; lastKnownFileType = sourcecode.swift; path = ItemViewController.swift; sourceTree = "<group>"; };
		D0854CCB25CB48C600510249 /* UnitsBrandsViewController.swift */ = {isa = PBXFileReference; lastKnownFileType = sourcecode.swift; path = UnitsBrandsViewController.swift; sourceTree = "<group>"; };
		D0D7A57D25C302F20033B6BD /* ItemListViewController.swift */ = {isa = PBXFileReference; lastKnownFileType = sourcecode.swift; path = ItemListViewController.swift; sourceTree = "<group>"; };
		D0F0231225B87B3400D7BBF6 /* Freeze-it.app */ = {isa = PBXFileReference; explicitFileType = wrapper.application; includeInIndex = 0; path = "Freeze-it.app"; sourceTree = BUILT_PRODUCTS_DIR; };
		D0F0231525B87B3400D7BBF6 /* AppDelegate.swift */ = {isa = PBXFileReference; lastKnownFileType = sourcecode.swift; path = AppDelegate.swift; sourceTree = "<group>"; };
		D0F0231725B87B3400D7BBF6 /* SceneDelegate.swift */ = {isa = PBXFileReference; lastKnownFileType = sourcecode.swift; path = SceneDelegate.swift; sourceTree = "<group>"; };
		D0F0231925B87B3400D7BBF6 /* ViewController.swift */ = {isa = PBXFileReference; lastKnownFileType = sourcecode.swift; path = ViewController.swift; sourceTree = "<group>"; };
		D0F0231C25B87B3400D7BBF6 /* Base */ = {isa = PBXFileReference; lastKnownFileType = file.storyboard; name = Base; path = Base.lproj/Main.storyboard; sourceTree = "<group>"; };
		D0F0231E25B87B3700D7BBF6 /* Assets.xcassets */ = {isa = PBXFileReference; lastKnownFileType = folder.assetcatalog; path = Assets.xcassets; sourceTree = "<group>"; };
		D0F0232125B87B3700D7BBF6 /* Base */ = {isa = PBXFileReference; lastKnownFileType = file.storyboard; name = Base; path = Base.lproj/LaunchScreen.storyboard; sourceTree = "<group>"; };
		D0F0232325B87B3700D7BBF6 /* Info.plist */ = {isa = PBXFileReference; lastKnownFileType = text.plist.xml; path = Info.plist; sourceTree = "<group>"; };
/* End PBXFileReference section */

/* Begin PBXFrameworksBuildPhase section */
		D0F0230F25B87B3400D7BBF6 /* Frameworks */ = {
			isa = PBXFrameworksBuildPhase;
			buildActionMask = 2147483647;
			files = (
			);
			runOnlyForDeploymentPostprocessing = 0;
		};
/* End PBXFrameworksBuildPhase section */

/* Begin PBXGroup section */
		D0F0230925B87B3400D7BBF6 = {
			isa = PBXGroup;
			children = (
				D0F0231425B87B3400D7BBF6 /* Freeze-it */,
				D0F0231325B87B3400D7BBF6 /* Products */,
			);
			sourceTree = "<group>";
		};
		D0F0231325B87B3400D7BBF6 /* Products */ = {
			isa = PBXGroup;
			children = (
				D0F0231225B87B3400D7BBF6 /* Freeze-it.app */,
			);
			name = Products;
			sourceTree = "<group>";
		};
		D0F0231425B87B3400D7BBF6 /* Freeze-it */ = {
			isa = PBXGroup;
			children = (
				D0F0231525B87B3400D7BBF6 /* AppDelegate.swift */,
				D0F0231725B87B3400D7BBF6 /* SceneDelegate.swift */,
				D0F0231925B87B3400D7BBF6 /* ViewController.swift */,
				D002D54925B8F1AF0079478A /* freezit.swift */,
				D0F0231B25B87B3400D7BBF6 /* Main.storyboard */,
				D0854CCB25CB48C600510249 /* UnitsBrandsViewController.swift */,
				D0D7A57D25C302F20033B6BD /* ItemListViewController.swift */,
				D07A891D25DC1FFB00DF5965 /* ItemViewController.swift */,
				D002D54B25B9FABE0079478A /* FreezerDetailsViewController.swift */,
				D002D54725B88C260079478A /* FreezerCell.swift */,
				D0F0231E25B87B3700D7BBF6 /* Assets.xcassets */,
				D0F0232025B87B3700D7BBF6 /* LaunchScreen.storyboard */,
				D0F0232325B87B3700D7BBF6 /* Info.plist */,
			);
			path = "Freeze-it";
			sourceTree = "<group>";
		};
/* End PBXGroup section */

/* Begin PBXNativeTarget section */
		D0F0231125B87B3400D7BBF6 /* Freeze-it */ = {
			isa = PBXNativeTarget;
			buildConfigurationList = D0F0232625B87B3700D7BBF6 /* Build configuration list for PBXNativeTarget "Freeze-it" */;
			buildPhases = (
				D0F0230E25B87B3400D7BBF6 /* Sources */,
				D0F0230F25B87B3400D7BBF6 /* Frameworks */,
				D0F0231025B87B3400D7BBF6 /* Resources */,
			);
			buildRules = (
			);
			dependencies = (
			);
			name = "Freeze-it";
			productName = Freezeit;
			productReference = D0F0231225B87B3400D7BBF6 /* Freeze-it.app */;
			productType = "com.apple.product-type.application";
		};
/* End PBXNativeTarget section */

/* Begin PBXProject section */
		D0F0230A25B87B3400D7BBF6 /* Project object */ = {
			isa = PBXProject;
			attributes = {
				LastSwiftUpdateCheck = 1130;
				LastUpgradeCheck = 1240;
				ORGANIZATIONNAME = "Peter Rasmussen";
				TargetAttributes = {
					D0F0231125B87B3400D7BBF6 = {
						CreatedOnToolsVersion = 11.3.1;
					};
				};
			};
			buildConfigurationList = D0F0230D25B87B3400D7BBF6 /* Build configuration list for PBXProject "Freeze-it" */;
			compatibilityVersion = "Xcode 9.3";
			developmentRegion = en;
			hasScannedForEncodings = 0;
			knownRegions = (
				en,
				Base,
			);
			mainGroup = D0F0230925B87B3400D7BBF6;
			productRefGroup = D0F0231325B87B3400D7BBF6 /* Products */;
			projectDirPath = "";
			projectRoot = "";
			targets = (
				D0F0231125B87B3400D7BBF6 /* Freeze-it */,
			);
		};
/* End PBXProject section */

/* Begin PBXResourcesBuildPhase section */
		D0F0231025B87B3400D7BBF6 /* Resources */ = {
			isa = PBXResourcesBuildPhase;
			buildActionMask = 2147483647;
			files = (
				D0F0232225B87B3700D7BBF6 /* LaunchScreen.storyboard in Resources */,
				D0F0231F25B87B3700D7BBF6 /* Assets.xcassets in Resources */,
				D0F0231D25B87B3400D7BBF6 /* Main.storyboard in Resources */,
			);
			runOnlyForDeploymentPostprocessing = 0;
		};
/* End PBXResourcesBuildPhase section */

/* Begin PBXSourcesBuildPhase section */
		D0F0230E25B87B3400D7BBF6 /* Sources */ = {
			isa = PBXSourcesBuildPhase;
			buildActionMask = 2147483647;
			files = (
				D002D54C25B9FABE0079478A /* FreezerDetailsViewController.swift in Sources */,
				D002D54825B88C260079478A /* FreezerCell.swift in Sources */,
				D0F0231A25B87B3400D7BBF6 /* ViewController.swift in Sources */,
				D0F0231625B87B3400D7BBF6 /* AppDelegate.swift in Sources */,
				D002D54A25B8F1AF0079478A /* freezit.swift in Sources */,
				D0F0231825B87B3400D7BBF6 /* SceneDelegate.swift in Sources */,
				D0854CCC25CB48C600510249 /* UnitsBrandsViewController.swift in Sources */,
				D07A891E25DC1FFB00DF5965 /* ItemViewController.swift in Sources */,
				D0D7A57E25C302F20033B6BD /* ItemListViewController.swift in Sources */,
			);
			runOnlyForDeploymentPostprocessing = 0;
		};
/* End PBXSourcesBuildPhase section */

/* Begin PBXVariantGroup section */
		D0F0231B25B87B3400D7BBF6 /* Main.storyboard */ = {
			isa = PBXVariantGroup;
			children = (
				D0F0231C25B87B3400D7BBF6 /* Base */,
			);
			name = Main.storyboard;
			sourceTree = "<group>";
		};
		D0F0232025B87B3700D7BBF6 /* LaunchScreen.storyboard */ = {
			isa = PBXVariantGroup;
			children = (
				D0F0232125B87B3700D7BBF6 /* Base */,
			);
			name = LaunchScreen.storyboard;
			sourceTree = "<group>";
		};
/* End PBXVariantGroup section */

/* Begin XCBuildConfiguration section */
		D0F0232425B87B3700D7BBF6 /* Debug */ = {
			isa = XCBuildConfiguration;
			buildSettings = {
				ALWAYS_SEARCH_USER_PATHS = NO;
				CLANG_ANALYZER_NONNULL = YES;
				CLANG_ANALYZER_NUMBER_OBJECT_CONVERSION = YES_AGGRESSIVE;
				CLANG_CXX_LANGUAGE_STANDARD = "gnu++14";
				CLANG_CXX_LIBRARY = "libc++";
				CLANG_ENABLE_MODULES = YES;
				CLANG_ENABLE_OBJC_ARC = YES;
				CLANG_ENABLE_OBJC_WEAK = YES;
				CLANG_WARN_BLOCK_CAPTURE_AUTORELEASING = YES;
				CLANG_WARN_BOOL_CONVERSION = YES;
				CLANG_WARN_COMMA = YES;
				CLANG_WARN_CONSTANT_CONVERSION = YES;
				CLANG_WARN_DEPRECATED_OBJC_IMPLEMENTATIONS = YES;
				CLANG_WARN_DIRECT_OBJC_ISA_USAGE = YES_ERROR;
				CLANG_WARN_DOCUMENTATION_COMMENTS = YES;
				CLANG_WARN_EMPTY_BODY = YES;
				CLANG_WARN_ENUM_CONVERSION = YES;
				CLANG_WARN_INFINITE_RECURSION = YES;
				CLANG_WARN_INT_CONVERSION = YES;
				CLANG_WARN_NON_LITERAL_NULL_CONVERSION = YES;
				CLANG_WARN_OBJC_IMPLICIT_RETAIN_SELF = YES;
				CLANG_WARN_OBJC_LITERAL_CONVERSION = YES;
				CLANG_WARN_OBJC_ROOT_CLASS = YES_ERROR;
				CLANG_WARN_QUOTED_INCLUDE_IN_FRAMEWORK_HEADER = YES;
				CLANG_WARN_RANGE_LOOP_ANALYSIS = YES;
				CLANG_WARN_STRICT_PROTOTYPES = YES;
				CLANG_WARN_SUSPICIOUS_MOVE = YES;
				CLANG_WARN_UNGUARDED_AVAILABILITY = YES_AGGRESSIVE;
				CLANG_WARN_UNREACHABLE_CODE = YES;
				CLANG_WARN__DUPLICATE_METHOD_MATCH = YES;
				COPY_PHASE_STRIP = NO;
				DEBUG_INFORMATION_FORMAT = dwarf;
				ENABLE_STRICT_OBJC_MSGSEND = YES;
				ENABLE_TESTABILITY = YES;
				GCC_C_LANGUAGE_STANDARD = gnu11;
				GCC_DYNAMIC_NO_PIC = NO;
				GCC_NO_COMMON_BLOCKS = YES;
				GCC_OPTIMIZATION_LEVEL = 0;
				GCC_PREPROCESSOR_DEFINITIONS = (
					"DEBUG=1",
					"$(inherited)",
				);
				GCC_WARN_64_TO_32_BIT_CONVERSION = YES;
				GCC_WARN_ABOUT_RETURN_TYPE = YES_ERROR;
				GCC_WARN_UNDECLARED_SELECTOR = YES;
				GCC_WARN_UNINITIALIZED_AUTOS = YES_AGGRESSIVE;
				GCC_WARN_UNUSED_FUNCTION = YES;
				GCC_WARN_UNUSED_VARIABLE = YES;
				IPHONEOS_DEPLOYMENT_TARGET = 13.2;
				MTL_ENABLE_DEBUG_INFO = INCLUDE_SOURCE;
				MTL_FAST_MATH = YES;
				ONLY_ACTIVE_ARCH = YES;
				SDKROOT = iphoneos;
				SWIFT_ACTIVE_COMPILATION_CONDITIONS = DEBUG;
				SWIFT_OPTIMIZATION_LEVEL = "-Onone";
			};
			name = Debug;
		};
		D0F0232525B87B3700D7BBF6 /* Release */ = {
			isa = XCBuildConfiguration;
			buildSettings = {
				ALWAYS_SEARCH_USER_PATHS = NO;
				CLANG_ANALYZER_NONNULL = YES;
				CLANG_ANALYZER_NUMBER_OBJECT_CONVERSION = YES_AGGRESSIVE;
				CLANG_CXX_LANGUAGE_STANDARD = "gnu++14";
				CLANG_CXX_LIBRARY = "libc++";
				CLANG_ENABLE_MODULES = YES;
				CLANG_ENABLE_OBJC_ARC = YES;
				CLANG_ENABLE_OBJC_WEAK = YES;
				CLANG_WARN_BLOCK_CAPTURE_AUTORELEASING = YES;
				CLANG_WARN_BOOL_CONVERSION = YES;
				CLANG_WARN_COMMA = YES;
				CLANG_WARN_CONSTANT_CONVERSION = YES;
				CLANG_WARN_DEPRECATED_OBJC_IMPLEMENTATIONS = YES;
				CLANG_WARN_DIRECT_OBJC_ISA_USAGE = YES_ERROR;
				CLANG_WARN_DOCUMENTATION_COMMENTS = YES;
				CLANG_WARN_EMPTY_BODY = YES;
				CLANG_WARN_ENUM_CONVERSION = YES;
				CLANG_WARN_INFINITE_RECURSION = YES;
				CLANG_WARN_INT_CONVERSION = YES;
				CLANG_WARN_NON_LITERAL_NULL_CONVERSION = YES;
				CLANG_WARN_OBJC_IMPLICIT_RETAIN_SELF = YES;
				CLANG_WARN_OBJC_LITERAL_CONVERSION = YES;
				CLANG_WARN_OBJC_ROOT_CLASS = YES_ERROR;
				CLANG_WARN_QUOTED_INCLUDE_IN_FRAMEWORK_HEADER = YES;
				CLANG_WARN_RANGE_LOOP_ANALYSIS = YES;
				CLANG_WARN_STRICT_PROTOTYPES = YES;
				CLANG_WARN_SUSPICIOUS_MOVE = YES;
				CLANG_WARN_UNGUARDED_AVAILABILITY = YES_AGGRESSIVE;
				CLANG_WARN_UNREACHABLE_CODE = YES;
				CLANG_WARN__DUPLICATE_METHOD_MATCH = YES;
				COPY_PHASE_STRIP = NO;
				DEBUG_INFORMATION_FORMAT = "dwarf-with-dsym";
				ENABLE_NS_ASSERTIONS = NO;
				ENABLE_STRICT_OBJC_MSGSEND = YES;
				GCC_C_LANGUAGE_STANDARD = gnu11;
				GCC_NO_COMMON_BLOCKS = YES;
				GCC_WARN_64_TO_32_BIT_CONVERSION = YES;
				GCC_WARN_ABOUT_RETURN_TYPE = YES_ERROR;
				GCC_WARN_UNDECLARED_SELECTOR = YES;
				GCC_WARN_UNINITIALIZED_AUTOS = YES_AGGRESSIVE;
				GCC_WARN_UNUSED_FUNCTION = YES;
				GCC_WARN_UNUSED_VARIABLE = YES;
				IPHONEOS_DEPLOYMENT_TARGET = 13.2;
				MTL_ENABLE_DEBUG_INFO = NO;
				MTL_FAST_MATH = YES;
				SDKROOT = iphoneos;
				SWIFT_COMPILATION_MODE = wholemodule;
				SWIFT_OPTIMIZATION_LEVEL = "-O";
				VALIDATE_PRODUCT = YES;
			};
			name = Release;
		};
		D0F0232725B87B3700D7BBF6 /* Debug */ = {
			isa = XCBuildConfiguration;
			buildSettings = {
				ASSETCATALOG_COMPILER_APPICON_NAME = AppIcon;
				CODE_SIGN_STYLE = Automatic;
				DEVELOPMENT_TEAM = 8ALZB65BYZ;
				INFOPLIST_FILE = "Freeze-it/Info.plist";
				LD_RUNPATH_SEARCH_PATHS = (
					"$(inherited)",
					"@executable_path/Frameworks",
				);
				PRODUCT_BUNDLE_IDENTIFIER = temp.Freezeit;
				PRODUCT_NAME = "$(TARGET_NAME)";
				SWIFT_VERSION = 5.0;
				TARGETED_DEVICE_FAMILY = 1;
			};
			name = Debug;
		};
		D0F0232825B87B3700D7BBF6 /* Release */ = {
			isa = XCBuildConfiguration;
			buildSettings = {
				ASSETCATALOG_COMPILER_APPICON_NAME = AppIcon;
				CODE_SIGN_STYLE = Automatic;
				DEVELOPMENT_TEAM = 8ALZB65BYZ;
				INFOPLIST_FILE = "Freeze-it/Info.plist";
				LD_RUNPATH_SEARCH_PATHS = (
					"$(inherited)",
					"@executable_path/Frameworks",
				);
				PRODUCT_BUNDLE_IDENTIFIER = temp.Freezeit;
				PRODUCT_NAME = "$(TARGET_NAME)";
				SWIFT_VERSION = 5.0;
				TARGETED_DEVICE_FAMILY = 1;
			};
			name = Release;
		};
/* End XCBuildConfiguration section */

/* Begin XCConfigurationList section */
		D0F0230D25B87B3400D7BBF6 /* Build configuration list for PBXProject "Freeze-it" */ = {
			isa = XCConfigurationList;
			buildConfigurations = (
				D0F0232425B87B3700D7BBF6 /* Debug */,
				D0F0232525B87B3700D7BBF6 /* Release */,
			);
			defaultConfigurationIsVisible = 0;
			defaultConfigurationName = Release;
		};
		D0F0232625B87B3700D7BBF6 /* Build configuration list for PBXNativeTarget "Freeze-it" */ = {
			isa = XCConfigurationList;
			buildConfigurations = (
				D0F0232725B87B3700D7BBF6 /* Debug */,
				D0F0232825B87B3700D7BBF6 /* Release */,
			);
			defaultConfigurationIsVisible = 0;
			defaultConfigurationName = Release;
		};
/* End XCConfigurationList section */
	};
	rootObject = D0F0230A25B87B3400D7BBF6 /* Project object */;
}
